
Microsoft Visual Studio Solution File, Format Version 12.00
# Visual Studio Version 17
VisualStudioVersion = 17.3.32819.101
MinimumVisualStudioVersion = 10.0.40219.1
Project("{FAE04EC0-301F-11D3-BF4B-00C04F79EFBC}") = "MEDICALCLINIC", "MEDICALCLINIC\MEDICALCLINIC.csproj", "{6E4E053D-7719-4C2E-9C24-2818B090DE25}"
EndProject
Project("{54435603-DBB4-11D2-8724-00A0C9A8B90C}") = "Setup1", "Setup1\Setup1.vdproj", "{25DAD00B-BB5C-439B-AFBF-74DADCF7861A}"
EndProject
Global
	GlobalSection(SolutionConfigurationPlatforms) = preSolution
		Debug|Any CPU = Debug|Any CPU
		Release|Any CPU = Release|Any CPU
	EndGlobalSection
	GlobalSection(ProjectConfigurationPlatforms) = postSolution
		{6E4E053D-7719-4C2E-9C24-2818B090DE25}.Debug|Any CPU.ActiveCfg = Debug|Any CPU
		{6E4E053D-7719-4C2E-9C24-2818B090DE25}.Debug|Any CPU.Build.0 = Debug|Any CPU
		{6E4E053D-7719-4C2E-9C24-2818B090DE25}.Release|Any CPU.ActiveCfg = Debug|Any CPU
		{6E4E053D-7719-4C2E-9C24-2818B090DE25}.Release|Any CPU.Build.0 = Debug|Any CPU
		{25DAD00B-BB5C-439B-AFBF-74DADCF7861A}.Debug|Any CPU.ActiveCfg = Debug
		{25DAD00B-BB5C-439B-AFBF-74DADCF7861A}.Debug|Any CPU.Build.0 = Debug
		{25DAD00B-BB5C-439B-AFBF-74DADCF7861A}.Release|Any CPU.ActiveCfg = Release
	EndGlobalSection
	GlobalSection(SolutionProperties) = preSolution
		HideSolutionNode = FALSE
	EndGlobalSection
	GlobalSection(ExtensibilityGlobals) = postSolution
		SolutionGuid = {8EF2D6F4-35CE-4CB6-BDA1-4C96896939D1}
	EndGlobalSection
EndGlobal
